{
  "requires": true,
  "lockfileVersion": 1,
  "dependencies": {
    "vue": {
      "version": "2.5.16",
      "resolved": "https://registry.npmjs.org/vue/-/vue-2.5.16.tgz",
      "integrity": "sha512-/ffmsiVuPC8PsWcFkZngdpas19ABm5mh2wA7iDqcltyCTwlgZjHGeJYOXkBMo422iPwIcviOtrTCUpSfXmToLQ=="
    },
    "vuetify": {
      "version": "1.0.19",
      "resolved": "https://registry.npmjs.org/vuetify/-/vuetify-1.0.19.tgz",
      "integrity": "sha512-aWiNSDr6KA5G9JKzneN0hV++Hva4+zwZFV3YAY4z8gmmcXvPOhEdV6Syy3yhoxk3j0K6H9qTYxvy2OgjnrMbqg=="
    }
  }
}
